
Microsoft Visual Studio Solution File, Format Version 12.00
# Visual Studio 15
VisualStudioVersion = 15.0.27703.1
MinimumVisualStudioVersion = 10.0.40219.1
Project("{9A19103F-16F7-4668-BE54-9A1E7A4F7556}") = "FirstLesson", "FirstLesson\FirstLesson.csproj", "{451C78B1-5967-4F1C-8E87-6C4B709D812C}"
EndProject
Project("{9A19103F-16F7-4668-BE54-9A1E7A4F7556}") = "FirstLesson.Tests", "FirstLesson.Tests\FirstLesson.Tests.csproj", "{2AAFA4AD-35AC-4583-9D0E-96817722D054}"
EndProject
Project("{FAE04EC0-301F-11D3-BF4B-00C04F79EFBC}") = "ApplicationsAnalyzer", "ApplicationsAnalyzer\ApplicationsAnalyzer.csproj", "{473770BC-1DE5-45F8-9C46-3172B140E003}"
EndProject
Project("{FAE04EC0-301F-11D3-BF4B-00C04F79EFBC}") = "ApplicationAnalyzerTests", "ApplicationAnalyzerTests\ApplicationAnalyzerTests.csproj", "{1F44A426-46F0-4A48-899E-CBDEAB0A543F}"
EndProject
Global
	GlobalSection(SolutionConfigurationPlatforms) = preSolution
		Debug|Any CPU = Debug|Any CPU
		Release|Any CPU = Release|Any CPU
	EndGlobalSection
	GlobalSection(ProjectConfigurationPlatforms) = postSolution
		{451C78B1-5967-4F1C-8E87-6C4B709D812C}.Debug|Any CPU.ActiveCfg = Debug|Any CPU
		{451C78B1-5967-4F1C-8E87-6C4B709D812C}.Debug|Any CPU.Build.0 = Debug|Any CPU
		{451C78B1-5967-4F1C-8E87-6C4B709D812C}.Release|Any CPU.ActiveCfg = Release|Any CPU
		{451C78B1-5967-4F1C-8E87-6C4B709D812C}.Release|Any CPU.Build.0 = Release|Any CPU
		{2AAFA4AD-35AC-4583-9D0E-96817722D054}.Debug|Any CPU.ActiveCfg = Debug|Any CPU
		{2AAFA4AD-35AC-4583-9D0E-96817722D054}.Debug|Any CPU.Build.0 = Debug|Any CPU
		{2AAFA4AD-35AC-4583-9D0E-96817722D054}.Release|Any CPU.ActiveCfg = Release|Any CPU
		{2AAFA4AD-35AC-4583-9D0E-96817722D054}.Release|Any CPU.Build.0 = Release|Any CPU
		{473770BC-1DE5-45F8-9C46-3172B140E003}.Debug|Any CPU.ActiveCfg = Debug|Any CPU
		{473770BC-1DE5-45F8-9C46-3172B140E003}.Debug|Any CPU.Build.0 = Debug|Any CPU
		{473770BC-1DE5-45F8-9C46-3172B140E003}.Release|Any CPU.ActiveCfg = Release|Any CPU
		{473770BC-1DE5-45F8-9C46-3172B140E003}.Release|Any CPU.Build.0 = Release|Any CPU
		{1F44A426-46F0-4A48-899E-CBDEAB0A543F}.Debug|Any CPU.ActiveCfg = Debug|Any CPU
		{1F44A426-46F0-4A48-899E-CBDEAB0A543F}.Debug|Any CPU.Build.0 = Debug|Any CPU
		{1F44A426-46F0-4A48-899E-CBDEAB0A543F}.Release|Any CPU.ActiveCfg = Release|Any CPU
		{1F44A426-46F0-4A48-899E-CBDEAB0A543F}.Release|Any CPU.Build.0 = Release|Any CPU
	EndGlobalSection
	GlobalSection(SolutionProperties) = preSolution
		HideSolutionNode = FALSE
	EndGlobalSection
	GlobalSection(ExtensibilityGlobals) = postSolution
		SolutionGuid = {5195B8D3-B46A-4D37-B634-6DE4FFD00227}
	EndGlobalSection
EndGlobal
