
Microsoft Visual Studio Solution File, Format Version 12.00
# Visual Studio 15
VisualStudioVersion = 15.0.28010.2041
MinimumVisualStudioVersion = 10.0.40219.1
Project("{FAE04EC0-301F-11D3-BF4B-00C04F79EFBC}") = "SEHometaskTwo", "SEHometaskTwo\SEHometaskTwo.csproj", "{1F945FC7-E71E-4760-889A-9C808C408272}"
EndProject
Project("{FAE04EC0-301F-11D3-BF4B-00C04F79EFBC}") = "UnitTests", "UnitTests\UnitTests.csproj", "{5707F316-CD90-4DC2-BB80-14C30CF3EABB}"
EndProject
Global
	GlobalSection(SolutionConfigurationPlatforms) = preSolution
		Debug|Any CPU = Debug|Any CPU
		Release|Any CPU = Release|Any CPU
	EndGlobalSection
	GlobalSection(ProjectConfigurationPlatforms) = postSolution
		{1F945FC7-E71E-4760-889A-9C808C408272}.Debug|Any CPU.ActiveCfg = Debug|Any CPU
		{1F945FC7-E71E-4760-889A-9C808C408272}.Debug|Any CPU.Build.0 = Debug|Any CPU
		{1F945FC7-E71E-4760-889A-9C808C408272}.Release|Any CPU.ActiveCfg = Release|Any CPU
		{1F945FC7-E71E-4760-889A-9C808C408272}.Release|Any CPU.Build.0 = Release|Any CPU
		{5707F316-CD90-4DC2-BB80-14C30CF3EABB}.Debug|Any CPU.ActiveCfg = Debug|Any CPU
		{5707F316-CD90-4DC2-BB80-14C30CF3EABB}.Debug|Any CPU.Build.0 = Debug|Any CPU
		{5707F316-CD90-4DC2-BB80-14C30CF3EABB}.Release|Any CPU.ActiveCfg = Release|Any CPU
		{5707F316-CD90-4DC2-BB80-14C30CF3EABB}.Release|Any CPU.Build.0 = Release|Any CPU
	EndGlobalSection
	GlobalSection(SolutionProperties) = preSolution
		HideSolutionNode = FALSE
	EndGlobalSection
	GlobalSection(ExtensibilityGlobals) = postSolution
		SolutionGuid = {B127F524-A5DB-4B18-A4A9-C019E0B3350F}
	EndGlobalSection
EndGlobal
